
Microsoft Visual Studio Solution File, Format Version 12.00
# Visual Studio 15
VisualStudioVersion = 15.0.27825.0
MinimumVisualStudioVersion = 10.0.40219.1
Project("{FAE04EC0-301F-11D3-BF4B-00C04F79EFBC}") = "WorkStudy.Android", "WorkStudy\WorkStudy.Android\WorkStudy.Android.csproj", "{0B472FA8-36F7-453E-8DBE-5858DA00BA13}"
EndProject
Project("{9A19103F-16F7-4668-BE54-9A1E7A4F7556}") = "WorkStudy", "WorkStudy\WorkStudy\WorkStudy.csproj", "{DFC3F065-4531-4EAF-BE55-077116E15B75}"
EndProject
Project("{FAE04EC0-301F-11D3-BF4B-00C04F79EFBC}") = "WorkStudy.iOS", "WorkStudy\WorkStudy.iOS\WorkStudy.iOS.csproj", "{18A874CE-4225-4341-9962-9EC94636D7AF}"
EndProject
Project("{FAE04EC0-301F-11D3-BF4B-00C04F79EFBC}") = "WorkStudy.UnitTests", "WorkStudy.UnitTests\WorkStudy.UnitTests.csproj", "{8622D876-AF3B-4279-B1E4-12B136F1B255}"
EndProject
Global
	GlobalSection(SolutionConfigurationPlatforms) = preSolution
		Ad-Hoc|Any CPU = Ad-Hoc|Any CPU
		Ad-Hoc|iPhone = Ad-Hoc|iPhone
		Ad-Hoc|iPhoneSimulator = Ad-Hoc|iPhoneSimulator
		AppStore|Any CPU = AppStore|Any CPU
		AppStore|iPhone = AppStore|iPhone
		AppStore|iPhoneSimulator = AppStore|iPhoneSimulator
		Debug|Any CPU = Debug|Any CPU
		Debug|iPhone = Debug|iPhone
		Debug|iPhoneSimulator = Debug|iPhoneSimulator
		Release|Any CPU = Release|Any CPU
		Release|iPhone = Release|iPhone
		Release|iPhoneSimulator = Release|iPhoneSimulator
	EndGlobalSection
	GlobalSection(ProjectConfigurationPlatforms) = postSolution
		{0B472FA8-36F7-453E-8DBE-5858DA00BA13}.Ad-Hoc|Any CPU.ActiveCfg = Release|Any CPU
		{0B472FA8-36F7-453E-8DBE-5858DA00BA13}.Ad-Hoc|Any CPU.Build.0 = Release|Any CPU
		{0B472FA8-36F7-453E-8DBE-5858DA00BA13}.Ad-Hoc|Any CPU.Deploy.0 = Release|Any CPU
		{0B472FA8-36F7-453E-8DBE-5858DA00BA13}.Ad-Hoc|iPhone.ActiveCfg = Debug|Any CPU
		{0B472FA8-36F7-453E-8DBE-5858DA00BA13}.Ad-Hoc|iPhone.Build.0 = Debug|Any CPU
		{0B472FA8-36F7-453E-8DBE-5858DA00BA13}.Ad-Hoc|iPhoneSimulator.ActiveCfg = Release|Any CPU
		{0B472FA8-36F7-453E-8DBE-5858DA00BA13}.Ad-Hoc|iPhoneSimulator.Build.0 = Release|Any CPU
		{0B472FA8-36F7-453E-8DBE-5858DA00BA13}.Ad-Hoc|iPhoneSimulator.Deploy.0 = Release|Any CPU
		{0B472FA8-36F7-453E-8DBE-5858DA00BA13}.AppStore|Any CPU.ActiveCfg = Release|Any CPU
		{0B472FA8-36F7-453E-8DBE-5858DA00BA13}.AppStore|Any CPU.Build.0 = Release|Any CPU
		{0B472FA8-36F7-453E-8DBE-5858DA00BA13}.AppStore|Any CPU.Deploy.0 = Release|Any CPU
		{0B472FA8-36F7-453E-8DBE-5858DA00BA13}.AppStore|iPhone.ActiveCfg = Debug|Any CPU
		{0B472FA8-36F7-453E-8DBE-5858DA00BA13}.AppStore|iPhone.Build.0 = Debug|Any CPU
		{0B472FA8-36F7-453E-8DBE-5858DA00BA13}.AppStore|iPhoneSimulator.ActiveCfg = Release|Any CPU
		{0B472FA8-36F7-453E-8DBE-5858DA00BA13}.AppStore|iPhoneSimulator.Build.0 = Release|Any CPU
		{0B472FA8-36F7-453E-8DBE-5858DA00BA13}.AppStore|iPhoneSimulator.Deploy.0 = Release|Any CPU
		{0B472FA8-36F7-453E-8DBE-5858DA00BA13}.Debug|Any CPU.ActiveCfg = Debug|Any CPU
		{0B472FA8-36F7-453E-8DBE-5858DA00BA13}.Debug|Any CPU.Build.0 = Debug|Any CPU
		{0B472FA8-36F7-453E-8DBE-5858DA00BA13}.Debug|Any CPU.Deploy.0 = Debug|Any CPU
		{0B472FA8-36F7-453E-8DBE-5858DA00BA13}.Debug|iPhone.ActiveCfg = Debug|Any CPU
		{0B472FA8-36F7-453E-8DBE-5858DA00BA13}.Debug|iPhone.Build.0 = Debug|Any CPU
		{0B472FA8-36F7-453E-8DBE-5858DA00BA13}.Debug|iPhoneSimulator.ActiveCfg = Debug|Any CPU
		{0B472FA8-36F7-453E-8DBE-5858DA00BA13}.Debug|iPhoneSimulator.Build.0 = Debug|Any CPU
		{0B472FA8-36F7-453E-8DBE-5858DA00BA13}.Release|Any CPU.ActiveCfg = Release|Any CPU
		{0B472FA8-36F7-453E-8DBE-5858DA00BA13}.Release|Any CPU.Build.0 = Release|Any CPU
		{0B472FA8-36F7-453E-8DBE-5858DA00BA13}.Release|Any CPU.Deploy.0 = Release|Any CPU
		{0B472FA8-36F7-453E-8DBE-5858DA00BA13}.Release|iPhone.ActiveCfg = Release|Any CPU
		{0B472FA8-36F7-453E-8DBE-5858DA00BA13}.Release|iPhone.Build.0 = Release|Any CPU
		{0B472FA8-36F7-453E-8DBE-5858DA00BA13}.Release|iPhoneSimulator.ActiveCfg = Release|Any CPU
		{0B472FA8-36F7-453E-8DBE-5858DA00BA13}.Release|iPhoneSimulator.Build.0 = Release|Any CPU
		{DFC3F065-4531-4EAF-BE55-077116E15B75}.Ad-Hoc|Any CPU.ActiveCfg = Release|Any CPU
		{DFC3F065-4531-4EAF-BE55-077116E15B75}.Ad-Hoc|Any CPU.Build.0 = Release|Any CPU
		{DFC3F065-4531-4EAF-BE55-077116E15B75}.Ad-Hoc|iPhone.ActiveCfg = Debug|Any CPU
		{DFC3F065-4531-4EAF-BE55-077116E15B75}.Ad-Hoc|iPhone.Build.0 = Debug|Any CPU
		{DFC3F065-4531-4EAF-BE55-077116E15B75}.Ad-Hoc|iPhoneSimulator.ActiveCfg = Release|Any CPU
		{DFC3F065-4531-4EAF-BE55-077116E15B75}.Ad-Hoc|iPhoneSimulator.Build.0 = Release|Any CPU
		{DFC3F065-4531-4EAF-BE55-077116E15B75}.AppStore|Any CPU.ActiveCfg = Release|Any CPU
		{DFC3F065-4531-4EAF-BE55-077116E15B75}.AppStore|Any CPU.Build.0 = Release|Any CPU
		{DFC3F065-4531-4EAF-BE55-077116E15B75}.AppStore|iPhone.ActiveCfg = Debug|Any CPU
		{DFC3F065-4531-4EAF-BE55-077116E15B75}.AppStore|iPhone.Build.0 = Debug|Any CPU
		{DFC3F065-4531-4EAF-BE55-077116E15B75}.AppStore|iPhoneSimulator.ActiveCfg = Release|Any CPU
		{DFC3F065-4531-4EAF-BE55-077116E15B75}.AppStore|iPhoneSimulator.Build.0 = Release|Any CPU
		{DFC3F065-4531-4EAF-BE55-077116E15B75}.Debug|Any CPU.ActiveCfg = Debug|Any CPU
		{DFC3F065-4531-4EAF-BE55-077116E15B75}.Debug|Any CPU.Build.0 = Debug|Any CPU
		{DFC3F065-4531-4EAF-BE55-077116E15B75}.Debug|Any CPU.Deploy.0 = Debug|Any CPU
		{DFC3F065-4531-4EAF-BE55-077116E15B75}.Debug|iPhone.ActiveCfg = Debug|Any CPU
		{DFC3F065-4531-4EAF-BE55-077116E15B75}.Debug|iPhone.Build.0 = Debug|Any CPU
		{DFC3F065-4531-4EAF-BE55-077116E15B75}.Debug|iPhoneSimulator.ActiveCfg = Debug|Any CPU
		{DFC3F065-4531-4EAF-BE55-077116E15B75}.Debug|iPhoneSimulator.Build.0 = Debug|Any CPU
		{DFC3F065-4531-4EAF-BE55-077116E15B75}.Release|Any CPU.ActiveCfg = Release|Any CPU
		{DFC3F065-4531-4EAF-BE55-077116E15B75}.Release|Any CPU.Build.0 = Release|Any CPU
		{DFC3F065-4531-4EAF-BE55-077116E15B75}.Release|Any CPU.Deploy.0 = Release|Any CPU
		{DFC3F065-4531-4EAF-BE55-077116E15B75}.Release|iPhone.ActiveCfg = Release|Any CPU
		{DFC3F065-4531-4EAF-BE55-077116E15B75}.Release|iPhone.Build.0 = Release|Any CPU
		{DFC3F065-4531-4EAF-BE55-077116E15B75}.Release|iPhoneSimulator.ActiveCfg = Release|Any CPU
		{DFC3F065-4531-4EAF-BE55-077116E15B75}.Release|iPhoneSimulator.Build.0 = Release|Any CPU
		{18A874CE-4225-4341-9962-9EC94636D7AF}.Ad-Hoc|Any CPU.ActiveCfg = Ad-Hoc|iPhoneSimulator
		{18A874CE-4225-4341-9962-9EC94636D7AF}.Ad-Hoc|iPhone.ActiveCfg = Ad-Hoc|iPhone
		{18A874CE-4225-4341-9962-9EC94636D7AF}.Ad-Hoc|iPhone.Build.0 = Ad-Hoc|iPhone
		{18A874CE-4225-4341-9962-9EC94636D7AF}.Ad-Hoc|iPhoneSimulator.ActiveCfg = Ad-Hoc|iPhoneSimulator
		{18A874CE-4225-4341-9962-9EC94636D7AF}.Ad-Hoc|iPhoneSimulator.Build.0 = Ad-Hoc|iPhoneSimulator
		{18A874CE-4225-4341-9962-9EC94636D7AF}.AppStore|Any CPU.ActiveCfg = AppStore|iPhoneSimulator
		{18A874CE-4225-4341-9962-9EC94636D7AF}.AppStore|iPhone.ActiveCfg = AppStore|iPhone
		{18A874CE-4225-4341-9962-9EC94636D7AF}.AppStore|iPhone.Build.0 = AppStore|iPhone
		{18A874CE-4225-4341-9962-9EC94636D7AF}.AppStore|iPhoneSimulator.ActiveCfg = AppStore|iPhoneSimulator
		{18A874CE-4225-4341-9962-9EC94636D7AF}.AppStore|iPhoneSimulator.Build.0 = AppStore|iPhoneSimulator
		{18A874CE-4225-4341-9962-9EC94636D7AF}.Debug|Any CPU.ActiveCfg = Debug|iPhoneSimulator
		{18A874CE-4225-4341-9962-9EC94636D7AF}.Debug|Any CPU.Build.0 = Debug|iPhoneSimulator
		{18A874CE-4225-4341-9962-9EC94636D7AF}.Debug|iPhone.ActiveCfg = Debug|iPhone
		{18A874CE-4225-4341-9962-9EC94636D7AF}.Debug|iPhone.Build.0 = Debug|iPhone
		{18A874CE-4225-4341-9962-9EC94636D7AF}.Debug|iPhoneSimulator.ActiveCfg = Debug|iPhoneSimulator
		{18A874CE-4225-4341-9962-9EC94636D7AF}.Debug|iPhoneSimulator.Build.0 = Debug|iPhoneSimulator
		{18A874CE-4225-4341-9962-9EC94636D7AF}.Release|Any CPU.ActiveCfg = Release|iPhoneSimulator
		{18A874CE-4225-4341-9962-9EC94636D7AF}.Release|Any CPU.Build.0 = Release|iPhoneSimulator
		{18A874CE-4225-4341-9962-9EC94636D7AF}.Release|iPhone.ActiveCfg = Release|iPhone
		{18A874CE-4225-4341-9962-9EC94636D7AF}.Release|iPhone.Build.0 = Release|iPhone
		{18A874CE-4225-4341-9962-9EC94636D7AF}.Release|iPhoneSimulator.ActiveCfg = Release|iPhoneSimulator
		{18A874CE-4225-4341-9962-9EC94636D7AF}.Release|iPhoneSimulator.Build.0 = Release|iPhoneSimulator
		{8622D876-AF3B-4279-B1E4-12B136F1B255}.Ad-Hoc|Any CPU.ActiveCfg = Debug|Any CPU
		{8622D876-AF3B-4279-B1E4-12B136F1B255}.Ad-Hoc|Any CPU.Build.0 = Debug|Any CPU
		{8622D876-AF3B-4279-B1E4-12B136F1B255}.Ad-Hoc|iPhone.ActiveCfg = Debug|Any CPU
		{8622D876-AF3B-4279-B1E4-12B136F1B255}.Ad-Hoc|iPhone.Build.0 = Debug|Any CPU
		{8622D876-AF3B-4279-B1E4-12B136F1B255}.Ad-Hoc|iPhoneSimulator.ActiveCfg = Debug|Any CPU
		{8622D876-AF3B-4279-B1E4-12B136F1B255}.Ad-Hoc|iPhoneSimulator.Build.0 = Debug|Any CPU
		{8622D876-AF3B-4279-B1E4-12B136F1B255}.AppStore|Any CPU.ActiveCfg = Debug|Any CPU
		{8622D876-AF3B-4279-B1E4-12B136F1B255}.AppStore|Any CPU.Build.0 = Debug|Any CPU
		{8622D876-AF3B-4279-B1E4-12B136F1B255}.AppStore|iPhone.ActiveCfg = Debug|Any CPU
		{8622D876-AF3B-4279-B1E4-12B136F1B255}.AppStore|iPhone.Build.0 = Debug|Any CPU
		{8622D876-AF3B-4279-B1E4-12B136F1B255}.AppStore|iPhoneSimulator.ActiveCfg = Debug|Any CPU
		{8622D876-AF3B-4279-B1E4-12B136F1B255}.AppStore|iPhoneSimulator.Build.0 = Debug|Any CPU
		{8622D876-AF3B-4279-B1E4-12B136F1B255}.Debug|Any CPU.ActiveCfg = Debug|Any CPU
		{8622D876-AF3B-4279-B1E4-12B136F1B255}.Debug|Any CPU.Build.0 = Debug|Any CPU
		{8622D876-AF3B-4279-B1E4-12B136F1B255}.Debug|iPhone.ActiveCfg = Debug|Any CPU
		{8622D876-AF3B-4279-B1E4-12B136F1B255}.Debug|iPhone.Build.0 = Debug|Any CPU
		{8622D876-AF3B-4279-B1E4-12B136F1B255}.Debug|iPhoneSimulator.ActiveCfg = Debug|Any CPU
		{8622D876-AF3B-4279-B1E4-12B136F1B255}.Debug|iPhoneSimulator.Build.0 = Debug|Any CPU
		{8622D876-AF3B-4279-B1E4-12B136F1B255}.Release|Any CPU.ActiveCfg = Release|Any CPU
		{8622D876-AF3B-4279-B1E4-12B136F1B255}.Release|Any CPU.Build.0 = Release|Any CPU
		{8622D876-AF3B-4279-B1E4-12B136F1B255}.Release|iPhone.ActiveCfg = Release|Any CPU
		{8622D876-AF3B-4279-B1E4-12B136F1B255}.Release|iPhone.Build.0 = Release|Any CPU
		{8622D876-AF3B-4279-B1E4-12B136F1B255}.Release|iPhoneSimulator.ActiveCfg = Release|Any CPU
		{8622D876-AF3B-4279-B1E4-12B136F1B255}.Release|iPhoneSimulator.Build.0 = Release|Any CPU
	EndGlobalSection
	GlobalSection(SolutionProperties) = preSolution
		HideSolutionNode = FALSE
	EndGlobalSection
	GlobalSection(ExtensibilityGlobals) = postSolution
		SolutionGuid = {CDBB5F3E-71D5-4BA7-AA80-FCA6F90BAAC9}
	EndGlobalSection
EndGlobal
